
Microsoft Visual Studio Solution File, Format Version 12.00
# Visual Studio Version 16
VisualStudioVersion = 25.0.1706.4
MinimumVisualStudioVersion = 10.0.40219.1
Project("{FAE04EC0-301F-11D3-BF4B-00C04F79EFBC}") = "MechRentAPI", "MechRentAPI\MechRentAPI.csproj", "{3C41D251-B26C-4170-9478-E4CAD29ABB01}"
EndProject
Global
	GlobalSection(SolutionConfigurationPlatforms) = preSolution
		Debug|Any CPU = Debug|Any CPU
		Release|Any CPU = Release|Any CPU
	EndGlobalSection
	GlobalSection(ProjectConfigurationPlatforms) = postSolution
		{3C41D251-B26C-4170-9478-E4CAD29ABB01}.Debug|Any CPU.ActiveCfg = Debug|Any CPU
		{3C41D251-B26C-4170-9478-E4CAD29ABB01}.Debug|Any CPU.Build.0 = Debug|Any CPU
		{3C41D251-B26C-4170-9478-E4CAD29ABB01}.Release|Any CPU.ActiveCfg = Release|Any CPU
		{3C41D251-B26C-4170-9478-E4CAD29ABB01}.Release|Any CPU.Build.0 = Release|Any CPU
	EndGlobalSection
	GlobalSection(SolutionProperties) = preSolution
		HideSolutionNode = FALSE
	EndGlobalSection
	GlobalSection(ExtensibilityGlobals) = postSolution
		SolutionGuid = {FB9F907E-8382-4F93-B11C-5D7EB52BB97B}
	EndGlobalSection
EndGlobal
